
Microsoft Visual Studio Solution File, Format Version 12.00
# Visual Studio Version 17
VisualStudioVersion = 17.11.35303.130
MinimumVisualStudioVersion = 10.0.40219.1
Project("{FAE04EC0-301F-11D3-BF4B-00C04F79EFBC}") = "EnglishAcademyManage_GUI", "EnglishAcademyManage_GUI\EnglishAcademyManage_GUI.csproj", "{55C22961-2A09-41FD-A736-75A5E59D562C}"
EndProject
Project("{FAE04EC0-301F-11D3-BF4B-00C04F79EFBC}") = "EnglishAcademyManage_BUS", "EnglishAcademyManage_BUS\EnglishAcademyManage_BUS.csproj", "{588540B9-F84F-4163-878D-1F83079057E9}"
EndProject
Project("{FAE04EC0-301F-11D3-BF4B-00C04F79EFBC}") = "EnglishAcademyManage_DAL", "EnglishAcademyManage_DAL\EnglishAcademyManage_DAL.csproj", "{5800D85D-F526-4518-BE4C-7D314FAF2B04}"
EndProject
Global
	GlobalSection(SolutionConfigurationPlatforms) = preSolution
		Debug|Any CPU = Debug|Any CPU
		Release|Any CPU = Release|Any CPU
	EndGlobalSection
	GlobalSection(ProjectConfigurationPlatforms) = postSolution
		{55C22961-2A09-41FD-A736-75A5E59D562C}.Debug|Any CPU.ActiveCfg = Debug|Any CPU
		{55C22961-2A09-41FD-A736-75A5E59D562C}.Debug|Any CPU.Build.0 = Debug|Any CPU
		{55C22961-2A09-41FD-A736-75A5E59D562C}.Release|Any CPU.ActiveCfg = Release|Any CPU
		{55C22961-2A09-41FD-A736-75A5E59D562C}.Release|Any CPU.Build.0 = Release|Any CPU
		{588540B9-F84F-4163-878D-1F83079057E9}.Debug|Any CPU.ActiveCfg = Debug|Any CPU
		{588540B9-F84F-4163-878D-1F83079057E9}.Debug|Any CPU.Build.0 = Debug|Any CPU
		{588540B9-F84F-4163-878D-1F83079057E9}.Release|Any CPU.ActiveCfg = Release|Any CPU
		{588540B9-F84F-4163-878D-1F83079057E9}.Release|Any CPU.Build.0 = Release|Any CPU
		{5800D85D-F526-4518-BE4C-7D314FAF2B04}.Debug|Any CPU.ActiveCfg = Debug|Any CPU
		{5800D85D-F526-4518-BE4C-7D314FAF2B04}.Debug|Any CPU.Build.0 = Debug|Any CPU
		{5800D85D-F526-4518-BE4C-7D314FAF2B04}.Release|Any CPU.ActiveCfg = Release|Any CPU
		{5800D85D-F526-4518-BE4C-7D314FAF2B04}.Release|Any CPU.Build.0 = Release|Any CPU
	EndGlobalSection
	GlobalSection(SolutionProperties) = preSolution
		HideSolutionNode = FALSE
	EndGlobalSection
	GlobalSection(ExtensibilityGlobals) = postSolution
		SolutionGuid = {FC359461-7461-4C74-AE1E-DF398E81CA3C}
	EndGlobalSection
EndGlobal
